
Microsoft Visual Studio Solution File, Format Version 12.00
# Visual Studio Version 16
VisualStudioVersion = 16.0.31205.134
MinimumVisualStudioVersion = 10.0.40219.1
Project("{8BC9CEB8-8B4A-11D0-8D11-00A0C91BC942}") = "Informatics_Lab1_G_3806", "Informatics_Lab1_G_3806.vcxproj", "{7F5992F3-297F-4267-B8F0-9886335B57E0}"
EndProject
Global
	GlobalSection(SolutionConfigurationPlatforms) = preSolution
		Debug|x64 = Debug|x64
		Debug|x86 = Debug|x86
		Release|x64 = Release|x64
		Release|x86 = Release|x86
	EndGlobalSection
	GlobalSection(ProjectConfigurationPlatforms) = postSolution
		{7F5992F3-297F-4267-B8F0-9886335B57E0}.Debug|x64.ActiveCfg = Debug|x64
		{7F5992F3-297F-4267-B8F0-9886335B57E0}.Debug|x64.Build.0 = Debug|x64
		{7F5992F3-297F-4267-B8F0-9886335B57E0}.Debug|x86.ActiveCfg = Debug|Win32
		{7F5992F3-297F-4267-B8F0-9886335B57E0}.Debug|x86.Build.0 = Debug|Win32
		{7F5992F3-297F-4267-B8F0-9886335B57E0}.Release|x64.ActiveCfg = Release|x64
		{7F5992F3-297F-4267-B8F0-9886335B57E0}.Release|x64.Build.0 = Release|x64
		{7F5992F3-297F-4267-B8F0-9886335B57E0}.Release|x86.ActiveCfg = Release|Win32
		{7F5992F3-297F-4267-B8F0-9886335B57E0}.Release|x86.Build.0 = Release|Win32
	EndGlobalSection
	GlobalSection(SolutionProperties) = preSolution
		HideSolutionNode = FALSE
	EndGlobalSection
	GlobalSection(ExtensibilityGlobals) = postSolution
		SolutionGuid = {45418E86-90A1-461D-B545-06D283D71631}
	EndGlobalSection
EndGlobal
