
Microsoft Visual Studio Solution File, Format Version 12.00
# Visual Studio Version 16
VisualStudioVersion = 16.0.31205.134
MinimumVisualStudioVersion = 10.0.40219.1
Project("{8BC9CEB8-8B4A-11D0-8D11-00A0C91BC942}") = "B", "B.vcxproj", "{659116F2-41A7-4732-ABAA-A79185FA3F73}"
EndProject
Global
	GlobalSection(SolutionConfigurationPlatforms) = preSolution
		Debug|x64 = Debug|x64
		Debug|x86 = Debug|x86
		Release|x64 = Release|x64
		Release|x86 = Release|x86
	EndGlobalSection
	GlobalSection(ProjectConfigurationPlatforms) = postSolution
		{659116F2-41A7-4732-ABAA-A79185FA3F73}.Debug|x64.ActiveCfg = Debug|x64
		{659116F2-41A7-4732-ABAA-A79185FA3F73}.Debug|x64.Build.0 = Debug|x64
		{659116F2-41A7-4732-ABAA-A79185FA3F73}.Debug|x86.ActiveCfg = Debug|Win32
		{659116F2-41A7-4732-ABAA-A79185FA3F73}.Debug|x86.Build.0 = Debug|Win32
		{659116F2-41A7-4732-ABAA-A79185FA3F73}.Release|x64.ActiveCfg = Release|x64
		{659116F2-41A7-4732-ABAA-A79185FA3F73}.Release|x64.Build.0 = Release|x64
		{659116F2-41A7-4732-ABAA-A79185FA3F73}.Release|x86.ActiveCfg = Release|Win32
		{659116F2-41A7-4732-ABAA-A79185FA3F73}.Release|x86.Build.0 = Release|Win32
	EndGlobalSection
	GlobalSection(SolutionProperties) = preSolution
		HideSolutionNode = FALSE
	EndGlobalSection
	GlobalSection(ExtensibilityGlobals) = postSolution
		SolutionGuid = {CD83B2B4-DF14-40C9-88B8-4E4DA11C2FF1}
	EndGlobalSection
EndGlobal
